
Microsoft Visual Studio Solution File, Format Version 12.00
# Visual Studio Version 17
VisualStudioVersion = 17.12.35707.178 d17.12
MinimumVisualStudioVersion = 10.0.40219.1
Project("{FAE04EC0-301F-11D3-BF4B-00C04F79EFBC}") = "apptarefa2", "apptarefa2\apptarefa2.csproj", "{35E4B8DD-BC87-4B5F-A0C2-CBF01E7C623E}"
EndProject
Global
	GlobalSection(SolutionConfigurationPlatforms) = preSolution
		Debug|Any CPU = Debug|Any CPU
		Release|Any CPU = Release|Any CPU
	EndGlobalSection
	GlobalSection(ProjectConfigurationPlatforms) = postSolution
		{35E4B8DD-BC87-4B5F-A0C2-CBF01E7C623E}.Debug|Any CPU.ActiveCfg = Debug|Any CPU
		{35E4B8DD-BC87-4B5F-A0C2-CBF01E7C623E}.Debug|Any CPU.Build.0 = Debug|Any CPU
		{35E4B8DD-BC87-4B5F-A0C2-CBF01E7C623E}.Release|Any CPU.ActiveCfg = Release|Any CPU
		{35E4B8DD-BC87-4B5F-A0C2-CBF01E7C623E}.Release|Any CPU.Build.0 = Release|Any CPU
	EndGlobalSection
	GlobalSection(SolutionProperties) = preSolution
		HideSolutionNode = FALSE
	EndGlobalSection
EndGlobal
